
Microsoft Visual Studio Solution File, Format Version 12.00
# Visual Studio 2012
Project("{FAE04EC0-301F-11D3-BF4B-00C04F79EFBC}") = "SolucionCEPUNS", "SolucionCEPUNS\SolucionCEPUNS.csproj", "{FFD3049C-2930-4976-A295-1A2A5D84B714}"
EndProject
Global
	GlobalSection(SolutionConfigurationPlatforms) = preSolution
		Debug|Any CPU = Debug|Any CPU
		Release|Any CPU = Release|Any CPU
	EndGlobalSection
	GlobalSection(ProjectConfigurationPlatforms) = postSolution
		{FFD3049C-2930-4976-A295-1A2A5D84B714}.Debug|Any CPU.ActiveCfg = Debug|Any CPU
		{FFD3049C-2930-4976-A295-1A2A5D84B714}.Debug|Any CPU.Build.0 = Debug|Any CPU
		{FFD3049C-2930-4976-A295-1A2A5D84B714}.Release|Any CPU.ActiveCfg = Release|Any CPU
		{FFD3049C-2930-4976-A295-1A2A5D84B714}.Release|Any CPU.Build.0 = Release|Any CPU
	EndGlobalSection
	GlobalSection(SolutionProperties) = preSolution
		HideSolutionNode = FALSE
	EndGlobalSection
EndGlobal
